
Microsoft Visual Studio Solution File, Format Version 12.00
# Visual Studio 15
VisualStudioVersion = 15.0.27703.2026
MinimumVisualStudioVersion = 10.0.40219.1
Project("{FAE04EC0-301F-11D3-BF4B-00C04F79EFBC}") = "cs_pp1", "cs_pp1\cs_pp1.csproj", "{7F623A9E-6D16-4A0A-BEA7-C49CA73DCF1B}"
EndProject
Global
	GlobalSection(SolutionConfigurationPlatforms) = preSolution
		Debug|Any CPU = Debug|Any CPU
		Release|Any CPU = Release|Any CPU
	EndGlobalSection
	GlobalSection(ProjectConfigurationPlatforms) = postSolution
		{7F623A9E-6D16-4A0A-BEA7-C49CA73DCF1B}.Debug|Any CPU.ActiveCfg = Debug|Any CPU
		{7F623A9E-6D16-4A0A-BEA7-C49CA73DCF1B}.Debug|Any CPU.Build.0 = Debug|Any CPU
		{7F623A9E-6D16-4A0A-BEA7-C49CA73DCF1B}.Release|Any CPU.ActiveCfg = Release|Any CPU
		{7F623A9E-6D16-4A0A-BEA7-C49CA73DCF1B}.Release|Any CPU.Build.0 = Release|Any CPU
	EndGlobalSection
	GlobalSection(SolutionProperties) = preSolution
		HideSolutionNode = FALSE
	EndGlobalSection
	GlobalSection(ExtensibilityGlobals) = postSolution
		SolutionGuid = {7984D49C-4452-4031-A548-E51FE8B135D7}
	EndGlobalSection
EndGlobal
